// !$*UTF8*$!
{
	archiveVersion = 1;
	classes = {
	};
	objectVersion = 50;
	objects = {

/* Begin PBXBuildFile section */
		A5BFF0EE258C026500FC5294 /* GameCamera.swift in Sources */ = {isa = PBXBuildFile; fileRef = A5BFF0ED258C026500FC5294 /* GameCamera.swift */; };
		A5BFF0F7258C183200FC5294 /* Configuration.swift in Sources */ = {isa = PBXBuildFile; fileRef = A5BFF0F6258C183200FC5294 /* Configuration.swift */; };
		A5DA0639258BF274006226F7 /* AppDelegate.swift in Sources */ = {isa = PBXBuildFile; fileRef = A5DA0638258BF274006226F7 /* AppDelegate.swift */; };
		A5DA063B258BF274006226F7 /* GameScene.sks in Resources */ = {isa = PBXBuildFile; fileRef = A5DA063A258BF274006226F7 /* GameScene.sks */; };
		A5DA063F258BF274006226F7 /* GameScene.swift in Sources */ = {isa = PBXBuildFile; fileRef = A5DA063E258BF274006226F7 /* GameScene.swift */; };
		A5DA0641258BF274006226F7 /* GameViewController.swift in Sources */ = {isa = PBXBuildFile; fileRef = A5DA0640258BF274006226F7 /* GameViewController.swift */; };
		A5DA0644258BF274006226F7 /* Main.storyboard in Resources */ = {isa = PBXBuildFile; fileRef = A5DA0642258BF274006226F7 /* Main.storyboard */; };
		A5DA0646258BF275006226F7 /* Assets.xcassets in Resources */ = {isa = PBXBuildFile; fileRef = A5DA0645258BF275006226F7 /* Assets.xcassets */; };
		A5DA0656258BF622006226F7 /* BirdTileSet.sks in Resources */ = {isa = PBXBuildFile; fileRef = A5DA0655258BF622006226F7 /* BirdTileSet.sks */; };
		A5DA065E258BFC41006226F7 /* Launch Screen.storyboard in Resources */ = {isa = PBXBuildFile; fileRef = A5DA065D258BFC41006226F7 /* Launch Screen.storyboard */; };
/* End PBXBuildFile section */

/* Begin PBXFileReference section */
		A5BFF0ED258C026500FC5294 /* GameCamera.swift */ = {isa = PBXFileReference; lastKnownFileType = sourcecode.swift; path = GameCamera.swift; sourceTree = "<group>"; };
		A5BFF0F6258C183200FC5294 /* Configuration.swift */ = {isa = PBXFileReference; lastKnownFileType = sourcecode.swift; path = Configuration.swift; sourceTree = "<group>"; };
		A5DA0635258BF274006226F7 /* AngryBirdies.app */ = {isa = PBXFileReference; explicitFileType = wrapper.application; includeInIndex = 0; path = AngryBirdies.app; sourceTree = BUILT_PRODUCTS_DIR; };
		A5DA0638258BF274006226F7 /* AppDelegate.swift */ = {isa = PBXFileReference; lastKnownFileType = sourcecode.swift; path = AppDelegate.swift; sourceTree = "<group>"; };
		A5DA063A258BF274006226F7 /* GameScene.sks */ = {isa = PBXFileReference; lastKnownFileType = file.sks; path = GameScene.sks; sourceTree = "<group>"; };
		A5DA063E258BF274006226F7 /* GameScene.swift */ = {isa = PBXFileReference; lastKnownFileType = sourcecode.swift; path = GameScene.swift; sourceTree = "<group>"; };
		A5DA0640258BF274006226F7 /* GameViewController.swift */ = {isa = PBXFileReference; lastKnownFileType = sourcecode.swift; path = GameViewController.swift; sourceTree = "<group>"; };
		A5DA0643258BF274006226F7 /* Base */ = {isa = PBXFileReference; lastKnownFileType = file.storyboard; name = Base; path = Base.lproj/Main.storyboard; sourceTree = "<group>"; };
		A5DA0645258BF275006226F7 /* Assets.xcassets */ = {isa = PBXFileReference; lastKnownFileType = folder.assetcatalog; path = Assets.xcassets; sourceTree = "<group>"; };
		A5DA0647258BF275006226F7 /* Info.plist */ = {isa = PBXFileReference; lastKnownFileType = text.plist.xml; path = Info.plist; sourceTree = "<group>"; };
		A5DA0655258BF622006226F7 /* BirdTileSet.sks */ = {isa = PBXFileReference; lastKnownFileType = file.sks; path = BirdTileSet.sks; sourceTree = "<group>"; };
		A5DA065D258BFC41006226F7 /* Launch Screen.storyboard */ = {isa = PBXFileReference; lastKnownFileType = file.storyboard; path = "Launch Screen.storyboard"; sourceTree = "<group>"; };
/* End PBXFileReference section */

/* Begin PBXFrameworksBuildPhase section */
		A5DA0632258BF274006226F7 /* Frameworks */ = {
			isa = PBXFrameworksBuildPhase;
			buildActionMask = 2147483647;
			files = (
			);
			runOnlyForDeploymentPostprocessing = 0;
		};
/* End PBXFrameworksBuildPhase section */

/* Begin PBXGroup section */
		A5BFF0EC258C025200FC5294 /* Custom Nodes */ = {
			isa = PBXGroup;
			children = (
				A5BFF0ED258C026500FC5294 /* GameCamera.swift */,
			);
			path = "Custom Nodes";
			sourceTree = "<group>";
		};
		A5DA062C258BF274006226F7 = {
			isa = PBXGroup;
			children = (
				A5DA0637258BF274006226F7 /* AngryBirdies */,
				A5DA0636258BF274006226F7 /* Products */,
			);
			sourceTree = "<group>";
		};
		A5DA0636258BF274006226F7 /* Products */ = {
			isa = PBXGroup;
			children = (
				A5DA0635258BF274006226F7 /* AngryBirdies.app */,
			);
			name = Products;
			sourceTree = "<group>";
		};
		A5DA0637258BF274006226F7 /* AngryBirdies */ = {
			isa = PBXGroup;
			children = (
				A5BFF0EC258C025200FC5294 /* Custom Nodes */,
				A5DA0647258BF275006226F7 /* Info.plist */,
				A5DA0660258BFC88006226F7 /* TileSets */,
				A5DA065C258BFC11006226F7 /* UI */,
				A5DA065B258BFC01006226F7 /* Scene */,
				A5DA065A258BFBFA006226F7 /* ViewController */,
				A5DA0659258BFBF4006226F7 /* Template */,
			);
			path = AngryBirdies;
			sourceTree = "<group>";
		};
		A5DA0659258BFBF4006226F7 /* Template */ = {
			isa = PBXGroup;
			children = (
				A5DA0638258BF274006226F7 /* AppDelegate.swift */,
				A5BFF0F6258C183200FC5294 /* Configuration.swift */,
			);
			path = Template;
			sourceTree = "<group>";
		};
		A5DA065A258BFBFA006226F7 /* ViewController */ = {
			isa = PBXGroup;
			children = (
				A5DA0640258BF274006226F7 /* GameViewController.swift */,
			);
			path = ViewController;
			sourceTree = "<group>";
		};
		A5DA065B258BFC01006226F7 /* Scene */ = {
			isa = PBXGroup;
			children = (
				A5DA063A258BF274006226F7 /* GameScene.sks */,
				A5DA063E258BF274006226F7 /* GameScene.swift */,
			);
			path = Scene;
			sourceTree = "<group>";
		};
		A5DA065C258BFC11006226F7 /* UI */ = {
			isa = PBXGroup;
			children = (
				A5DA0642258BF274006226F7 /* Main.storyboard */,
				A5DA0645258BF275006226F7 /* Assets.xcassets */,
				A5DA065D258BFC41006226F7 /* Launch Screen.storyboard */,
			);
			name = UI;
			sourceTree = "<group>";
		};
		A5DA0660258BFC88006226F7 /* TileSets */ = {
			isa = PBXGroup;
			children = (
				A5DA0655258BF622006226F7 /* BirdTileSet.sks */,
			);
			name = TileSets;
			sourceTree = "<group>";
		};
/* End PBXGroup section */

/* Begin PBXNativeTarget section */
		A5DA0634258BF274006226F7 /* AngryBirdies */ = {
			isa = PBXNativeTarget;
			buildConfigurationList = A5DA064A258BF275006226F7 /* Build configuration list for PBXNativeTarget "AngryBirdies" */;
			buildPhases = (
				A5DA0631258BF274006226F7 /* Sources */,
				A5DA0632258BF274006226F7 /* Frameworks */,
				A5DA0633258BF274006226F7 /* Resources */,
			);
			buildRules = (
			);
			dependencies = (
			);
			name = AngryBirdies;
			productName = AngryBirdies;
			productReference = A5DA0635258BF274006226F7 /* AngryBirdies.app */;
			productType = "com.apple.product-type.application";
		};
/* End PBXNativeTarget section */

/* Begin PBXProject section */
		A5DA062D258BF274006226F7 /* Project object */ = {
			isa = PBXProject;
			attributes = {
				LastSwiftUpdateCheck = 1230;
				LastUpgradeCheck = 1230;
				TargetAttributes = {
					A5DA0634258BF274006226F7 = {
						CreatedOnToolsVersion = 12.3;
					};
				};
			};
			buildConfigurationList = A5DA0630258BF274006226F7 /* Build configuration list for PBXProject "AngryBirdies" */;
			compatibilityVersion = "Xcode 9.3";
			developmentRegion = en;
			hasScannedForEncodings = 0;
			knownRegions = (
				en,
				Base,
			);
			mainGroup = A5DA062C258BF274006226F7;
			productRefGroup = A5DA0636258BF274006226F7 /* Products */;
			projectDirPath = "";
			projectRoot = "";
			targets = (
				A5DA0634258BF274006226F7 /* AngryBirdies */,
			);
		};
/* End PBXProject section */

/* Begin PBXResourcesBuildPhase section */
		A5DA0633258BF274006226F7 /* Resources */ = {
			isa = PBXResourcesBuildPhase;
			buildActionMask = 2147483647;
			files = (
				A5DA0644258BF274006226F7 /* Main.storyboard in Resources */,
				A5DA0656258BF622006226F7 /* BirdTileSet.sks in Resources */,
				A5DA063B258BF274006226F7 /* GameScene.sks in Resources */,
				A5DA065E258BFC41006226F7 /* Launch Screen.storyboard in Resources */,
				A5DA0646258BF275006226F7 /* Assets.xcassets in Resources */,
			);
			runOnlyForDeploymentPostprocessing = 0;
		};
/* End PBXResourcesBuildPhase section */

/* Begin PBXSourcesBuildPhase section */
		A5DA0631258BF274006226F7 /* Sources */ = {
			isa = PBXSourcesBuildPhase;
			buildActionMask = 2147483647;
			files = (
				A5DA063F258BF274006226F7 /* GameScene.swift in Sources */,
				A5BFF0F7258C183200FC5294 /* Configuration.swift in Sources */,
				A5DA0641258BF274006226F7 /* GameViewController.swift in Sources */,
				A5BFF0EE258C026500FC5294 /* GameCamera.swift in Sources */,
				A5DA0639258BF274006226F7 /* AppDelegate.swift in Sources */,
			);
			runOnlyForDeploymentPostprocessing = 0;
		};
/* End PBXSourcesBuildPhase section */

/* Begin PBXVariantGroup section */
		A5DA0642258BF274006226F7 /* Main.storyboard */ = {
			isa = PBXVariantGroup;
			children = (
				A5DA0643258BF274006226F7 /* Base */,
			);
			name = Main.storyboard;
			sourceTree = "<group>";
		};
/* End PBXVariantGroup section */

/* Begin XCBuildConfiguration section */
		A5DA0648258BF275006226F7 /* Debug */ = {
			isa = XCBuildConfiguration;
			buildSettings = {
				ALWAYS_SEARCH_USER_PATHS = NO;
				CLANG_ANALYZER_NONNULL = YES;
				CLANG_ANALYZER_NUMBER_OBJECT_CONVERSION = YES_AGGRESSIVE;
				CLANG_CXX_LANGUAGE_STANDARD = "gnu++14";
				CLANG_CXX_LIBRARY = "libc++";
				CLANG_ENABLE_MODULES = YES;
				CLANG_ENABLE_OBJC_ARC = YES;
				CLANG_ENABLE_OBJC_WEAK = YES;
				CLANG_WARN_BLOCK_CAPTURE_AUTORELEASING = YES;
				CLANG_WARN_BOOL_CONVERSION = YES;
				CLANG_WARN_COMMA = YES;
				CLANG_WARN_CONSTANT_CONVERSION = YES;
				CLANG_WARN_DEPRECATED_OBJC_IMPLEMENTATIONS = YES;
				CLANG_WARN_DIRECT_OBJC_ISA_USAGE = YES_ERROR;
				CLANG_WARN_DOCUMENTATION_COMMENTS = YES;
				CLANG_WARN_EMPTY_BODY = YES;
				CLANG_WARN_ENUM_CONVERSION = YES;
				CLANG_WARN_INFINITE_RECURSION = YES;
				CLANG_WARN_INT_CONVERSION = YES;
				CLANG_WARN_NON_LITERAL_NULL_CONVERSION = YES;
				CLANG_WARN_OBJC_IMPLICIT_RETAIN_SELF = YES;
				CLANG_WARN_OBJC_LITERAL_CONVERSION = YES;
				CLANG_WARN_OBJC_ROOT_CLASS = YES_ERROR;
				CLANG_WARN_QUOTED_INCLUDE_IN_FRAMEWORK_HEADER = YES;
				CLANG_WARN_RANGE_LOOP_ANALYSIS = YES;
				CLANG_WARN_STRICT_PROTOTYPES = YES;
				CLANG_WARN_SUSPICIOUS_MOVE = YES;
				CLANG_WARN_UNGUARDED_AVAILABILITY = YES_AGGRESSIVE;
				CLANG_WARN_UNREACHABLE_CODE = YES;
				CLANG_WARN__DUPLICATE_METHOD_MATCH = YES;
				COPY_PHASE_STRIP = NO;
				DEBUG_INFORMATION_FORMAT = dwarf;
				ENABLE_STRICT_OBJC_MSGSEND = YES;
				ENABLE_TESTABILITY = YES;
				GCC_C_LANGUAGE_STANDARD = gnu11;
				GCC_DYNAMIC_NO_PIC = NO;
				GCC_NO_COMMON_BLOCKS = YES;
				GCC_OPTIMIZATION_LEVEL = 0;
				GCC_PREPROCESSOR_DEFINITIONS = (
					"DEBUG=1",
					"$(inherited)",
				);
				GCC_WARN_64_TO_32_BIT_CONVERSION = YES;
				GCC_WARN_ABOUT_RETURN_TYPE = YES_ERROR;
				GCC_WARN_UNDECLARED_SELECTOR = YES;
				GCC_WARN_UNINITIALIZED_AUTOS = YES_AGGRESSIVE;
				GCC_WARN_UNUSED_FUNCTION = YES;
				GCC_WARN_UNUSED_VARIABLE = YES;
				IPHONEOS_DEPLOYMENT_TARGET = 13.0;
				MTL_ENABLE_DEBUG_INFO = INCLUDE_SOURCE;
				MTL_FAST_MATH = YES;
				ONLY_ACTIVE_ARCH = YES;
				SDKROOT = iphoneos;
				SWIFT_ACTIVE_COMPILATION_CONDITIONS = DEBUG;
				SWIFT_OPTIMIZATION_LEVEL = "-Onone";
			};
			name = Debug;
		};
		A5DA0649258BF275006226F7 /* Release */ = {
			isa = XCBuildConfiguration;
			buildSettings = {
				ALWAYS_SEARCH_USER_PATHS = NO;
				CLANG_ANALYZER_NONNULL = YES;
				CLANG_ANALYZER_NUMBER_OBJECT_CONVERSION = YES_AGGRESSIVE;
				CLANG_CXX_LANGUAGE_STANDARD = "gnu++14";
				CLANG_CXX_LIBRARY = "libc++";
				CLANG_ENABLE_MODULES = YES;
				CLANG_ENABLE_OBJC_ARC = YES;
				CLANG_ENABLE_OBJC_WEAK = YES;
				CLANG_WARN_BLOCK_CAPTURE_AUTORELEASING = YES;
				CLANG_WARN_BOOL_CONVERSION = YES;
				CLANG_WARN_COMMA = YES;
				CLANG_WARN_CONSTANT_CONVERSION = YES;
				CLANG_WARN_DEPRECATED_OBJC_IMPLEMENTATIONS = YES;
				CLANG_WARN_DIRECT_OBJC_ISA_USAGE = YES_ERROR;
				CLANG_WARN_DOCUMENTATION_COMMENTS = YES;
				CLANG_WARN_EMPTY_BODY = YES;
				CLANG_WARN_ENUM_CONVERSION = YES;
				CLANG_WARN_INFINITE_RECURSION = YES;
				CLANG_WARN_INT_CONVERSION = YES;
				CLANG_WARN_NON_LITERAL_NULL_CONVERSION = YES;
				CLANG_WARN_OBJC_IMPLICIT_RETAIN_SELF = YES;
				CLANG_WARN_OBJC_LITERAL_CONVERSION = YES;
				CLANG_WARN_OBJC_ROOT_CLASS = YES_ERROR;
				CLANG_WARN_QUOTED_INCLUDE_IN_FRAMEWORK_HEADER = YES;
				CLANG_WARN_RANGE_LOOP_ANALYSIS = YES;
				CLANG_WARN_STRICT_PROTOTYPES = YES;
				CLANG_WARN_SUSPICIOUS_MOVE = YES;
				CLANG_WARN_UNGUARDED_AVAILABILITY = YES_AGGRESSIVE;
				CLANG_WARN_UNREACHABLE_CODE = YES;
				CLANG_WARN__DUPLICATE_METHOD_MATCH = YES;
				COPY_PHASE_STRIP = NO;
				DEBUG_INFORMATION_FORMAT = "dwarf-with-dsym";
				ENABLE_NS_ASSERTIONS = NO;
				ENABLE_STRICT_OBJC_MSGSEND = YES;
				GCC_C_LANGUAGE_STANDARD = gnu11;
				GCC_NO_COMMON_BLOCKS = YES;
				GCC_WARN_64_TO_32_BIT_CONVERSION = YES;
				GCC_WARN_ABOUT_RETURN_TYPE = YES_ERROR;
				GCC_WARN_UNDECLARED_SELECTOR = YES;
				GCC_WARN_UNINITIALIZED_AUTOS = YES_AGGRESSIVE;
				GCC_WARN_UNUSED_FUNCTION = YES;
				GCC_WARN_UNUSED_VARIABLE = YES;
				IPHONEOS_DEPLOYMENT_TARGET = 13.0;
				MTL_ENABLE_DEBUG_INFO = NO;
				MTL_FAST_MATH = YES;
				SDKROOT = iphoneos;
				SWIFT_COMPILATION_MODE = wholemodule;
				SWIFT_OPTIMIZATION_LEVEL = "-O";
				VALIDATE_PRODUCT = YES;
			};
			name = Release;
		};
		A5DA064B258BF275006226F7 /* Debug */ = {
			isa = XCBuildConfiguration;
			buildSettings = {
				ASSETCATALOG_COMPILER_APPICON_NAME = AppIcon;
				ASSETCATALOG_COMPILER_GLOBAL_ACCENT_COLOR_NAME = AccentColor;
				CODE_SIGN_STYLE = Automatic;
				DEVELOPMENT_TEAM = T7PVAD4F92;
				INFOPLIST_FILE = AngryBirdies/Info.plist;
				LD_RUNPATH_SEARCH_PATHS = (
					"$(inherited)",
					"@executable_path/Frameworks",
				);
				PRODUCT_BUNDLE_IDENTIFIER = com.BrandoFlores.AngryBirdies;
				PRODUCT_NAME = "$(TARGET_NAME)";
				SWIFT_VERSION = 5.0;
				TARGETED_DEVICE_FAMILY = "1,2";
			};
			name = Debug;
		};
		A5DA064C258BF275006226F7 /* Release */ = {
			isa = XCBuildConfiguration;
			buildSettings = {
				ASSETCATALOG_COMPILER_APPICON_NAME = AppIcon;
				ASSETCATALOG_COMPILER_GLOBAL_ACCENT_COLOR_NAME = AccentColor;
				CODE_SIGN_STYLE = Automatic;
				DEVELOPMENT_TEAM = T7PVAD4F92;
				INFOPLIST_FILE = AngryBirdies/Info.plist;
				LD_RUNPATH_SEARCH_PATHS = (
					"$(inherited)",
					"@executable_path/Frameworks",
				);
				PRODUCT_BUNDLE_IDENTIFIER = com.BrandoFlores.AngryBirdies;
				PRODUCT_NAME = "$(TARGET_NAME)";
				SWIFT_VERSION = 5.0;
				TARGETED_DEVICE_FAMILY = "1,2";
			};
			name = Release;
		};
/* End XCBuildConfiguration section */

/* Begin XCConfigurationList section */
		A5DA0630258BF274006226F7 /* Build configuration list for PBXProject "AngryBirdies" */ = {
			isa = XCConfigurationList;
			buildConfigurations = (
				A5DA0648258BF275006226F7 /* Debug */,
				A5DA0649258BF275006226F7 /* Release */,
			);
			defaultConfigurationIsVisible = 0;
			defaultConfigurationName = Release;
		};
		A5DA064A258BF275006226F7 /* Build configuration list for PBXNativeTarget "AngryBirdies" */ = {
			isa = XCConfigurationList;
			buildConfigurations = (
				A5DA064B258BF275006226F7 /* Debug */,
				A5DA064C258BF275006226F7 /* Release */,
			);
			defaultConfigurationIsVisible = 0;
			defaultConfigurationName = Release;
		};
/* End XCConfigurationList section */
	};
	rootObject = A5DA062D258BF274006226F7 /* Project object */;
}
